
Microsoft Visual Studio Solution File, Format Version 12.00
# Visual Studio 14
VisualStudioVersion = 14.0.25420.1
MinimumVisualStudioVersion = 10.0.40219.1
Project("{8BC9CEB8-8B4A-11D0-8D11-00A0C91BC942}") = "Chapter0", "Chapter0\Chapter0.vcxproj", "{10BD3260-F60C-4CF7-A5AF-84F61385A2DF}"
EndProject
Project("{8BC9CEB8-8B4A-11D0-8D11-00A0C91BC942}") = "Chapter-0-Exercise-0-10", "Chapter-0-Exercise-0-10\Chapter-0-Exercise-0-10.vcxproj", "{0A069C34-7C1C-4728-AD70-07344A7E4CF1}"
EndProject
Project("{8BC9CEB8-8B4A-11D0-8D11-00A0C91BC942}") = "Chapter1", "Chapter1\Chapter1.vcxproj", "{624432F2-B76F-49A4-BA48-ABBDB3BCF41D}"
EndProject
Project("{8BC9CEB8-8B4A-11D0-8D11-00A0C91BC942}") = "Chapter2", "Chapter2\Chapter2.vcxproj", "{8C69C0B3-6161-45D3-9F7E-811202BAB0C3}"
EndProject
Project("{8BC9CEB8-8B4A-11D0-8D11-00A0C91BC942}") = "Chapter-2-Exercise-2-5", "Chapter-2-Exercise-2-5\Chapter-2-Exercise-2-5.vcxproj", "{556562E1-880A-4DE5-80EB-611859BB27E1}"
EndProject
Project("{8BC9CEB8-8B4A-11D0-8D11-00A0C91BC942}") = "Chapter-2-Exercise-2-7", "Chapter-2-Exercise-2-7\Chapter-2-Exercise-2-7.vcxproj", "{051F75A0-E9DB-4A8F-9B7D-88EC21175ADB}"
EndProject
Project("{8BC9CEB8-8B4A-11D0-8D11-00A0C91BC942}") = "Chapter-2-Exercise-2-8", "Chapter-2-Exercise-2-8\Chapter-2-Exercise-2-8.vcxproj", "{88F1BBC1-86DE-4B6A-AC93-949282203410}"
EndProject
Project("{8BC9CEB8-8B4A-11D0-8D11-00A0C91BC942}") = "Chapter-2-Exercise-2-9", "Chapter-2-Exercise-2-9\Chapter-2-Exercise-2-9.vcxproj", "{3996143D-8093-47AF-9D01-B2F282F75DBE}"
EndProject
Project("{8BC9CEB8-8B4A-11D0-8D11-00A0C91BC942}") = "Chapter-3-Exercise-3-0", "Chapter-3-Exercise-3-0\Chapter-3-Exercise-3-0.vcxproj", "{FF559912-1EC9-4DE5-B6FD-DDB16F89F054}"
EndProject
Project("{8BC9CEB8-8B4A-11D0-8D11-00A0C91BC942}") = "Chapter-3-Exercise-3-2", "Chapter-3-Exercise-3-2\Chapter-3-Exercise-3-2.vcxproj", "{6B523BD4-68BF-4901-B30D-5B2234B7254C}"
EndProject
Project("{8BC9CEB8-8B4A-11D0-8D11-00A0C91BC942}") = "Chapter-3-Exercise-3-3", "Chapter-3-Exercise-3-3\Chapter-3-Exercise-3-3.vcxproj", "{2603121E-194B-4408-ABF8-85F90F01C370}"
EndProject
Project("{8BC9CEB8-8B4A-11D0-8D11-00A0C91BC942}") = "Chapter-3-Exercise-3-4", "Chapter-3-Exercise-3-4\Chapter-3-Exercise-3-4.vcxproj", "{82320FB6-607B-4236-864C-1AB1B77E828A}"
EndProject
Global
	GlobalSection(SolutionConfigurationPlatforms) = preSolution
		Debug|x64 = Debug|x64
		Debug|x86 = Debug|x86
		Release|x64 = Release|x64
		Release|x86 = Release|x86
	EndGlobalSection
	GlobalSection(ProjectConfigurationPlatforms) = postSolution
		{10BD3260-F60C-4CF7-A5AF-84F61385A2DF}.Debug|x64.ActiveCfg = Debug|x64
		{10BD3260-F60C-4CF7-A5AF-84F61385A2DF}.Debug|x64.Build.0 = Debug|x64
		{10BD3260-F60C-4CF7-A5AF-84F61385A2DF}.Debug|x86.ActiveCfg = Debug|Win32
		{10BD3260-F60C-4CF7-A5AF-84F61385A2DF}.Debug|x86.Build.0 = Debug|Win32
		{10BD3260-F60C-4CF7-A5AF-84F61385A2DF}.Release|x64.ActiveCfg = Release|x64
		{10BD3260-F60C-4CF7-A5AF-84F61385A2DF}.Release|x64.Build.0 = Release|x64
		{10BD3260-F60C-4CF7-A5AF-84F61385A2DF}.Release|x86.ActiveCfg = Release|Win32
		{10BD3260-F60C-4CF7-A5AF-84F61385A2DF}.Release|x86.Build.0 = Release|Win32
		{0A069C34-7C1C-4728-AD70-07344A7E4CF1}.Debug|x64.ActiveCfg = Debug|x64
		{0A069C34-7C1C-4728-AD70-07344A7E4CF1}.Debug|x64.Build.0 = Debug|x64
		{0A069C34-7C1C-4728-AD70-07344A7E4CF1}.Debug|x86.ActiveCfg = Debug|Win32
		{0A069C34-7C1C-4728-AD70-07344A7E4CF1}.Debug|x86.Build.0 = Debug|Win32
		{0A069C34-7C1C-4728-AD70-07344A7E4CF1}.Release|x64.ActiveCfg = Release|x64
		{0A069C34-7C1C-4728-AD70-07344A7E4CF1}.Release|x64.Build.0 = Release|x64
		{0A069C34-7C1C-4728-AD70-07344A7E4CF1}.Release|x86.ActiveCfg = Release|Win32
		{0A069C34-7C1C-4728-AD70-07344A7E4CF1}.Release|x86.Build.0 = Release|Win32
		{624432F2-B76F-49A4-BA48-ABBDB3BCF41D}.Debug|x64.ActiveCfg = Debug|x64
		{624432F2-B76F-49A4-BA48-ABBDB3BCF41D}.Debug|x64.Build.0 = Debug|x64
		{624432F2-B76F-49A4-BA48-ABBDB3BCF41D}.Debug|x86.ActiveCfg = Debug|Win32
		{624432F2-B76F-49A4-BA48-ABBDB3BCF41D}.Debug|x86.Build.0 = Debug|Win32
		{624432F2-B76F-49A4-BA48-ABBDB3BCF41D}.Release|x64.ActiveCfg = Release|x64
		{624432F2-B76F-49A4-BA48-ABBDB3BCF41D}.Release|x64.Build.0 = Release|x64
		{624432F2-B76F-49A4-BA48-ABBDB3BCF41D}.Release|x86.ActiveCfg = Release|Win32
		{624432F2-B76F-49A4-BA48-ABBDB3BCF41D}.Release|x86.Build.0 = Release|Win32
		{8C69C0B3-6161-45D3-9F7E-811202BAB0C3}.Debug|x64.ActiveCfg = Debug|x64
		{8C69C0B3-6161-45D3-9F7E-811202BAB0C3}.Debug|x64.Build.0 = Debug|x64
		{8C69C0B3-6161-45D3-9F7E-811202BAB0C3}.Debug|x86.ActiveCfg = Debug|Win32
		{8C69C0B3-6161-45D3-9F7E-811202BAB0C3}.Debug|x86.Build.0 = Debug|Win32
		{8C69C0B3-6161-45D3-9F7E-811202BAB0C3}.Release|x64.ActiveCfg = Release|x64
		{8C69C0B3-6161-45D3-9F7E-811202BAB0C3}.Release|x64.Build.0 = Release|x64
		{8C69C0B3-6161-45D3-9F7E-811202BAB0C3}.Release|x86.ActiveCfg = Release|Win32
		{8C69C0B3-6161-45D3-9F7E-811202BAB0C3}.Release|x86.Build.0 = Release|Win32
		{556562E1-880A-4DE5-80EB-611859BB27E1}.Debug|x64.ActiveCfg = Debug|x64
		{556562E1-880A-4DE5-80EB-611859BB27E1}.Debug|x64.Build.0 = Debug|x64
		{556562E1-880A-4DE5-80EB-611859BB27E1}.Debug|x86.ActiveCfg = Debug|Win32
		{556562E1-880A-4DE5-80EB-611859BB27E1}.Debug|x86.Build.0 = Debug|Win32
		{556562E1-880A-4DE5-80EB-611859BB27E1}.Release|x64.ActiveCfg = Release|x64
		{556562E1-880A-4DE5-80EB-611859BB27E1}.Release|x64.Build.0 = Release|x64
		{556562E1-880A-4DE5-80EB-611859BB27E1}.Release|x86.ActiveCfg = Release|Win32
		{556562E1-880A-4DE5-80EB-611859BB27E1}.Release|x86.Build.0 = Release|Win32
		{051F75A0-E9DB-4A8F-9B7D-88EC21175ADB}.Debug|x64.ActiveCfg = Debug|x64
		{051F75A0-E9DB-4A8F-9B7D-88EC21175ADB}.Debug|x64.Build.0 = Debug|x64
		{051F75A0-E9DB-4A8F-9B7D-88EC21175ADB}.Debug|x86.ActiveCfg = Debug|Win32
		{051F75A0-E9DB-4A8F-9B7D-88EC21175ADB}.Debug|x86.Build.0 = Debug|Win32
		{051F75A0-E9DB-4A8F-9B7D-88EC21175ADB}.Release|x64.ActiveCfg = Release|x64
		{051F75A0-E9DB-4A8F-9B7D-88EC21175ADB}.Release|x64.Build.0 = Release|x64
		{051F75A0-E9DB-4A8F-9B7D-88EC21175ADB}.Release|x86.ActiveCfg = Release|Win32
		{051F75A0-E9DB-4A8F-9B7D-88EC21175ADB}.Release|x86.Build.0 = Release|Win32
		{88F1BBC1-86DE-4B6A-AC93-949282203410}.Debug|x64.ActiveCfg = Debug|x64
		{88F1BBC1-86DE-4B6A-AC93-949282203410}.Debug|x64.Build.0 = Debug|x64
		{88F1BBC1-86DE-4B6A-AC93-949282203410}.Debug|x86.ActiveCfg = Debug|Win32
		{88F1BBC1-86DE-4B6A-AC93-949282203410}.Debug|x86.Build.0 = Debug|Win32
		{88F1BBC1-86DE-4B6A-AC93-949282203410}.Release|x64.ActiveCfg = Release|x64
		{88F1BBC1-86DE-4B6A-AC93-949282203410}.Release|x64.Build.0 = Release|x64
		{88F1BBC1-86DE-4B6A-AC93-949282203410}.Release|x86.ActiveCfg = Release|Win32
		{88F1BBC1-86DE-4B6A-AC93-949282203410}.Release|x86.Build.0 = Release|Win32
		{3996143D-8093-47AF-9D01-B2F282F75DBE}.Debug|x64.ActiveCfg = Debug|x64
		{3996143D-8093-47AF-9D01-B2F282F75DBE}.Debug|x64.Build.0 = Debug|x64
		{3996143D-8093-47AF-9D01-B2F282F75DBE}.Debug|x86.ActiveCfg = Debug|Win32
		{3996143D-8093-47AF-9D01-B2F282F75DBE}.Debug|x86.Build.0 = Debug|Win32
		{3996143D-8093-47AF-9D01-B2F282F75DBE}.Release|x64.ActiveCfg = Release|x64
		{3996143D-8093-47AF-9D01-B2F282F75DBE}.Release|x64.Build.0 = Release|x64
		{3996143D-8093-47AF-9D01-B2F282F75DBE}.Release|x86.ActiveCfg = Release|Win32
		{3996143D-8093-47AF-9D01-B2F282F75DBE}.Release|x86.Build.0 = Release|Win32
		{FF559912-1EC9-4DE5-B6FD-DDB16F89F054}.Debug|x64.ActiveCfg = Debug|x64
		{FF559912-1EC9-4DE5-B6FD-DDB16F89F054}.Debug|x64.Build.0 = Debug|x64
		{FF559912-1EC9-4DE5-B6FD-DDB16F89F054}.Debug|x86.ActiveCfg = Debug|Win32
		{FF559912-1EC9-4DE5-B6FD-DDB16F89F054}.Debug|x86.Build.0 = Debug|Win32
		{FF559912-1EC9-4DE5-B6FD-DDB16F89F054}.Release|x64.ActiveCfg = Release|x64
		{FF559912-1EC9-4DE5-B6FD-DDB16F89F054}.Release|x64.Build.0 = Release|x64
		{FF559912-1EC9-4DE5-B6FD-DDB16F89F054}.Release|x86.ActiveCfg = Release|Win32
		{FF559912-1EC9-4DE5-B6FD-DDB16F89F054}.Release|x86.Build.0 = Release|Win32
		{6B523BD4-68BF-4901-B30D-5B2234B7254C}.Debug|x64.ActiveCfg = Debug|x64
		{6B523BD4-68BF-4901-B30D-5B2234B7254C}.Debug|x64.Build.0 = Debug|x64
		{6B523BD4-68BF-4901-B30D-5B2234B7254C}.Debug|x86.ActiveCfg = Debug|Win32
		{6B523BD4-68BF-4901-B30D-5B2234B7254C}.Debug|x86.Build.0 = Debug|Win32
		{6B523BD4-68BF-4901-B30D-5B2234B7254C}.Release|x64.ActiveCfg = Release|x64
		{6B523BD4-68BF-4901-B30D-5B2234B7254C}.Release|x64.Build.0 = Release|x64
		{6B523BD4-68BF-4901-B30D-5B2234B7254C}.Release|x86.ActiveCfg = Release|Win32
		{6B523BD4-68BF-4901-B30D-5B2234B7254C}.Release|x86.Build.0 = Release|Win32
		{2603121E-194B-4408-ABF8-85F90F01C370}.Debug|x64.ActiveCfg = Debug|x64
		{2603121E-194B-4408-ABF8-85F90F01C370}.Debug|x64.Build.0 = Debug|x64
		{2603121E-194B-4408-ABF8-85F90F01C370}.Debug|x86.ActiveCfg = Debug|Win32
		{2603121E-194B-4408-ABF8-85F90F01C370}.Debug|x86.Build.0 = Debug|Win32
		{2603121E-194B-4408-ABF8-85F90F01C370}.Release|x64.ActiveCfg = Release|x64
		{2603121E-194B-4408-ABF8-85F90F01C370}.Release|x64.Build.0 = Release|x64
		{2603121E-194B-4408-ABF8-85F90F01C370}.Release|x86.ActiveCfg = Release|Win32
		{2603121E-194B-4408-ABF8-85F90F01C370}.Release|x86.Build.0 = Release|Win32
		{82320FB6-607B-4236-864C-1AB1B77E828A}.Debug|x64.ActiveCfg = Debug|x64
		{82320FB6-607B-4236-864C-1AB1B77E828A}.Debug|x64.Build.0 = Debug|x64
		{82320FB6-607B-4236-864C-1AB1B77E828A}.Debug|x86.ActiveCfg = Debug|Win32
		{82320FB6-607B-4236-864C-1AB1B77E828A}.Debug|x86.Build.0 = Debug|Win32
		{82320FB6-607B-4236-864C-1AB1B77E828A}.Release|x64.ActiveCfg = Release|x64
		{82320FB6-607B-4236-864C-1AB1B77E828A}.Release|x64.Build.0 = Release|x64
		{82320FB6-607B-4236-864C-1AB1B77E828A}.Release|x86.ActiveCfg = Release|Win32
		{82320FB6-607B-4236-864C-1AB1B77E828A}.Release|x86.Build.0 = Release|Win32
	EndGlobalSection
	GlobalSection(SolutionProperties) = preSolution
		HideSolutionNode = FALSE
	EndGlobalSection
EndGlobal
